# THIS IS AN AUTOGENERATED FILE. DO NOT EDIT THIS FILE DIRECTLY.
# yarn lockfile v1


react-animated-text-builders@^1.1.0:
  version "1.1.0"
  resolved "https://registry.yarnpkg.com/react-animated-text-builders/-/react-animated-text-builders-1.1.0.tgz#bec195bf41f6ac0cd37f148f99736bfdaa91b66f"
  integrity sha512-APQqft9cydUltJVICUgdBRrvoFnJddMGnPsjs2af9uBB0mte0fTQhll3jTqaFRAu9fMCSRl/Vsne4Hm9T5wl7A==
